// !$*UTF8*$!
{
	archiveVersion = 1;
	classes = {
	};
	objectVersion = 77;
	objects = {

/* Begin PBXBuildFile section */
		107BDCF7E02BB5039EE56953 /* GRDB in Frameworks */ = {isa = PBXBuildFile; productRef = 27FD1B861F6040771576F03D /* GRDB */; };
		162F373C6D9536C0074015E2 /* WalletSuggestion.swift in Sources */ = {isa = PBXBuildFile; fileRef = FA1134EE05A23AE3E1FBCF5A /* WalletSuggestion.swift */; };
		1F2C749AC7E15D1053A6952D /* AddEditExpenseViewModel.swift in Sources */ = {isa = PBXBuildFile; fileRef = 0825A8732885569D58632DF6 /* AddEditExpenseViewModel.swift */; };
		202F7713026E9AA3673EBB02 /* ExpenseFeedViewModel.swift in Sources */ = {isa = PBXBuildFile; fileRef = 4C0575614071B7B1335EDDE5 /* ExpenseFeedViewModel.swift */; };
		263C22C7EB51538395C9BF12 /* ApplePaySetupView.swift in Sources */ = {isa = PBXBuildFile; fileRef = 95AA94A22A682C314EFCBFEC /* ApplePaySetupView.swift */; };
		275A95592A5FB4AFB0857EA1 /* SyncStatusIndicator.swift in Sources */ = {isa = PBXBuildFile; fileRef = 9C46433CC7C4D552CEC0EF3C /* SyncStatusIndicator.swift */; };
		27FEC86CF579BB9753580434 /* ExpenseRowView.swift in Sources */ = {isa = PBXBuildFile; fileRef = 6C4AE335C560EA68596D80D3 /* ExpenseRowView.swift */; };
		3550DDB01E97A08732BFBC90 /* ExpenseTrackerShortcuts.swift in Sources */ = {isa = PBXBuildFile; fileRef = 86E589227AD0811E892B818F /* ExpenseTrackerShortcuts.swift */; };
		3EEDD93648D5E0D189D14136 /* DefaultCategories.swift in Sources */ = {isa = PBXBuildFile; fileRef = B9BB5B6488ED43C125E99C70 /* DefaultCategories.swift */; };
		45AE9D3D2DC41E4F1F15D0A1 /* AddEditExpenseView.swift in Sources */ = {isa = PBXBuildFile; fileRef = BEB1FDC92EBDABD4CDE277A0 /* AddEditExpenseView.swift */; };
		4C9CF428C99A20C17FBEF847 /* Category.swift in Sources */ = {isa = PBXBuildFile; fileRef = 5BAAA7B32F8A1BBC4D16A568 /* Category.swift */; };
		50A6349A9A38EB6E4380B491 /* SyncSecretStore.swift in Sources */ = {isa = PBXBuildFile; fileRef = CD62A2F30FED1F11D8B66656 /* SyncSecretStore.swift */; };
		597B1F6D7E3E96A8253DE390 /* SettingsView.swift in Sources */ = {isa = PBXBuildFile; fileRef = 059617E0131A34F9C0CB29C8 /* SettingsView.swift */; };
		6536C3FD631F5A8AA30DBBD9 /* ExpenseFeedView.swift in Sources */ = {isa = PBXBuildFile; fileRef = 2929180440B6252D22DF9560 /* ExpenseFeedView.swift */; };
		6C1908BE81105BBFC9A92CDE /* CategoryFormView.swift in Sources */ = {isa = PBXBuildFile; fileRef = 0A73F90AF6896ECA6F7899BD /* CategoryFormView.swift */; };
		7A73343DACE1BE8009D4617F /* Assets.xcassets in Resources */ = {isa = PBXBuildFile; fileRef = 7BB09075D54A99B83C25DFDB /* Assets.xcassets */; };
		996FB990588EFE36A32062CB /* ImportTransactionIntent.swift in Sources */ = {isa = PBXBuildFile; fileRef = EF17D76270573322DD958E1D /* ImportTransactionIntent.swift */; };
		9C65AFEC108C23FDBF7F455F /* SyncService.swift in Sources */ = {isa = PBXBuildFile; fileRef = 022E7AC1A8F36B3995A2CA2E /* SyncService.swift */; };
		9F26E72352DD14DC62E1195D /* CurrencyFormatter.swift in Sources */ = {isa = PBXBuildFile; fileRef = 0472C45E0D7A3EA1DB74DCBE /* CurrencyFormatter.swift */; };
		A9377237445D93AE9585A7A9 /* AppDatabase.swift in Sources */ = {isa = PBXBuildFile; fileRef = C3A6FF7C4CA11E5E7D53AC85 /* AppDatabase.swift */; };
		B48B59B2EC534750D3DF7AE6 /* WalletSuggestionsViewModel.swift in Sources */ = {isa = PBXBuildFile; fileRef = CB714AD49D208314E26EF4D2 /* WalletSuggestionsViewModel.swift */; };
		BBFAF53790F6B974FDB11E3C /* WalletSuggestionsView.swift in Sources */ = {isa = PBXBuildFile; fileRef = AD1FF63545EC37F6983ABB2C /* WalletSuggestionsView.swift */; };
		CCE4DC96A8C46B56FD20C0A6 /* Preferences.swift in Sources */ = {isa = PBXBuildFile; fileRef = 3388E089E2A14564857065D2 /* Preferences.swift */; };
		D376090D3421C6D7BA64B128 /* CategoryListView.swift in Sources */ = {isa = PBXBuildFile; fileRef = 5D70302AACD3BAAB5A80952D /* CategoryListView.swift */; };
		D50A0B6FE213EA481EA7871A /* Expense.swift in Sources */ = {isa = PBXBuildFile; fileRef = 203AAEC6C4CC2DB77063BBD8 /* Expense.swift */; };
		D8405699FD5BB17FE0A09F96 /* ExpenseTrackerApp.swift in Sources */ = {isa = PBXBuildFile; fileRef = CF2F6AE910D81C2C05B7D56F /* ExpenseTrackerApp.swift */; };
		EF3C9366818C795E584B38C1 /* CategoryViewModel.swift in Sources */ = {isa = PBXBuildFile; fileRef = 9EE89E8EEEE4A682742B4ED2 /* CategoryViewModel.swift */; };
		F17F5C913E4FD91858608229 /* SyncAPIClient.swift in Sources */ = {isa = PBXBuildFile; fileRef = C4B58AECA34818297B5347B9 /* SyncAPIClient.swift */; };
		F1F2AC171D9031D115522DA7 /* SyncRepository.swift in Sources */ = {isa = PBXBuildFile; fileRef = 70691FEFE59883E7EBB1524F /* SyncRepository.swift */; };
		F2B4C8140B59AC95606B094B /* HapticManager.swift in Sources */ = {isa = PBXBuildFile; fileRef = 552B9E2761F20669F6060E22 /* HapticManager.swift */; };
/* End PBXBuildFile section */

/* Begin PBXFileReference section */
		022E7AC1A8F36B3995A2CA2E /* SyncService.swift */ = {isa = PBXFileReference; lastKnownFileType = sourcecode.swift; path = SyncService.swift; sourceTree = "<group>"; };
		0472C45E0D7A3EA1DB74DCBE /* CurrencyFormatter.swift */ = {isa = PBXFileReference; lastKnownFileType = sourcecode.swift; path = CurrencyFormatter.swift; sourceTree = "<group>"; };
		059617E0131A34F9C0CB29C8 /* SettingsView.swift */ = {isa = PBXFileReference; lastKnownFileType = sourcecode.swift; path = SettingsView.swift; sourceTree = "<group>"; };
		0825A8732885569D58632DF6 /* AddEditExpenseViewModel.swift */ = {isa = PBXFileReference; lastKnownFileType = sourcecode.swift; path = AddEditExpenseViewModel.swift; sourceTree = "<group>"; };
		0A73F90AF6896ECA6F7899BD /* CategoryFormView.swift */ = {isa = PBXFileReference; lastKnownFileType = sourcecode.swift; path = CategoryFormView.swift; sourceTree = "<group>"; };
		203AAEC6C4CC2DB77063BBD8 /* Expense.swift */ = {isa = PBXFileReference; lastKnownFileType = sourcecode.swift; path = Expense.swift; sourceTree = "<group>"; };
		2929180440B6252D22DF9560 /* ExpenseFeedView.swift */ = {isa = PBXFileReference; lastKnownFileType = sourcecode.swift; path = ExpenseFeedView.swift; sourceTree = "<group>"; };
		2C126B9E82517DFD361B9A71 /* ExpenseTracker.app */ = {isa = PBXFileReference; includeInIndex = 0; lastKnownFileType = wrapper.application; path = ExpenseTracker.app; sourceTree = BUILT_PRODUCTS_DIR; };
		3388E089E2A14564857065D2 /* Preferences.swift */ = {isa = PBXFileReference; lastKnownFileType = sourcecode.swift; path = Preferences.swift; sourceTree = "<group>"; };
		4C0575614071B7B1335EDDE5 /* ExpenseFeedViewModel.swift */ = {isa = PBXFileReference; lastKnownFileType = sourcecode.swift; path = ExpenseFeedViewModel.swift; sourceTree = "<group>"; };
		552B9E2761F20669F6060E22 /* HapticManager.swift */ = {isa = PBXFileReference; lastKnownFileType = sourcecode.swift; path = HapticManager.swift; sourceTree = "<group>"; };
		5BAAA7B32F8A1BBC4D16A568 /* Category.swift */ = {isa = PBXFileReference; lastKnownFileType = sourcecode.swift; path = Category.swift; sourceTree = "<group>"; };
		5D70302AACD3BAAB5A80952D /* CategoryListView.swift */ = {isa = PBXFileReference; lastKnownFileType = sourcecode.swift; path = CategoryListView.swift; sourceTree = "<group>"; };
		6C4AE335C560EA68596D80D3 /* ExpenseRowView.swift */ = {isa = PBXFileReference; lastKnownFileType = sourcecode.swift; path = ExpenseRowView.swift; sourceTree = "<group>"; };
		70691FEFE59883E7EBB1524F /* SyncRepository.swift */ = {isa = PBXFileReference; lastKnownFileType = sourcecode.swift; path = SyncRepository.swift; sourceTree = "<group>"; };
		7BB09075D54A99B83C25DFDB /* Assets.xcassets */ = {isa = PBXFileReference; lastKnownFileType = folder.assetcatalog; path = Assets.xcassets; sourceTree = "<group>"; };
		86E589227AD0811E892B818F /* ExpenseTrackerShortcuts.swift */ = {isa = PBXFileReference; lastKnownFileType = sourcecode.swift; path = ExpenseTrackerShortcuts.swift; sourceTree = "<group>"; };
		95AA94A22A682C314EFCBFEC /* ApplePaySetupView.swift */ = {isa = PBXFileReference; lastKnownFileType = sourcecode.swift; path = ApplePaySetupView.swift; sourceTree = "<group>"; };
		9C46433CC7C4D552CEC0EF3C /* SyncStatusIndicator.swift */ = {isa = PBXFileReference; lastKnownFileType = sourcecode.swift; path = SyncStatusIndicator.swift; sourceTree = "<group>"; };
		9EE89E8EEEE4A682742B4ED2 /* CategoryViewModel.swift */ = {isa = PBXFileReference; lastKnownFileType = sourcecode.swift; path = CategoryViewModel.swift; sourceTree = "<group>"; };
		AD1FF63545EC37F6983ABB2C /* WalletSuggestionsView.swift */ = {isa = PBXFileReference; lastKnownFileType = sourcecode.swift; path = WalletSuggestionsView.swift; sourceTree = "<group>"; };
		B9BB5B6488ED43C125E99C70 /* DefaultCategories.swift */ = {isa = PBXFileReference; lastKnownFileType = sourcecode.swift; path = DefaultCategories.swift; sourceTree = "<group>"; };
		BEB1FDC92EBDABD4CDE277A0 /* AddEditExpenseView.swift */ = {isa = PBXFileReference; lastKnownFileType = sourcecode.swift; path = AddEditExpenseView.swift; sourceTree = "<group>"; };
		C3A6FF7C4CA11E5E7D53AC85 /* AppDatabase.swift */ = {isa = PBXFileReference; lastKnownFileType = sourcecode.swift; path = AppDatabase.swift; sourceTree = "<group>"; };
		C4B58AECA34818297B5347B9 /* SyncAPIClient.swift */ = {isa = PBXFileReference; lastKnownFileType = sourcecode.swift; path = SyncAPIClient.swift; sourceTree = "<group>"; };
		CB714AD49D208314E26EF4D2 /* WalletSuggestionsViewModel.swift */ = {isa = PBXFileReference; lastKnownFileType = sourcecode.swift; path = WalletSuggestionsViewModel.swift; sourceTree = "<group>"; };
		CD62A2F30FED1F11D8B66656 /* SyncSecretStore.swift */ = {isa = PBXFileReference; lastKnownFileType = sourcecode.swift; path = SyncSecretStore.swift; sourceTree = "<group>"; };
		CF2F6AE910D81C2C05B7D56F /* ExpenseTrackerApp.swift */ = {isa = PBXFileReference; lastKnownFileType = sourcecode.swift; path = ExpenseTrackerApp.swift; sourceTree = "<group>"; };
		EAF35A88661C2C25280D8DF3 /* Info.plist */ = {isa = PBXFileReference; lastKnownFileType = text.plist; path = Info.plist; sourceTree = "<group>"; };
		EF17D76270573322DD958E1D /* ImportTransactionIntent.swift */ = {isa = PBXFileReference; lastKnownFileType = sourcecode.swift; path = ImportTransactionIntent.swift; sourceTree = "<group>"; };
		FA1134EE05A23AE3E1FBCF5A /* WalletSuggestion.swift */ = {isa = PBXFileReference; lastKnownFileType = sourcecode.swift; path = WalletSuggestion.swift; sourceTree = "<group>"; };
/* End PBXFileReference section */

/* Begin PBXFrameworksBuildPhase section */
		3A90A877BE7F15F58CB43D84 /* Frameworks */ = {
			isa = PBXFrameworksBuildPhase;
			buildActionMask = 2147483647;
			files = (
				107BDCF7E02BB5039EE56953 /* GRDB in Frameworks */,
			);
			runOnlyForDeploymentPostprocessing = 0;
		};
/* End PBXFrameworksBuildPhase section */

/* Begin PBXGroup section */
		0826A84D1AE32E6916BD25E8 /* Database */ = {
			isa = PBXGroup;
			children = (
				C3A6FF7C4CA11E5E7D53AC85 /* AppDatabase.swift */,
				B9BB5B6488ED43C125E99C70 /* DefaultCategories.swift */,
			);
			path = Database;
			sourceTree = "<group>";
		};
		0EA0651BB2E258856DD51F96 /* ViewModels */ = {
			isa = PBXGroup;
			children = (
				0825A8732885569D58632DF6 /* AddEditExpenseViewModel.swift */,
				9EE89E8EEEE4A682742B4ED2 /* CategoryViewModel.swift */,
				4C0575614071B7B1335EDDE5 /* ExpenseFeedViewModel.swift */,
				CB714AD49D208314E26EF4D2 /* WalletSuggestionsViewModel.swift */,
			);
			path = ViewModels;
			sourceTree = "<group>";
		};
		11C3AA57D80675D1695DD8D5 = {
			isa = PBXGroup;
			children = (
				E38F2C82473CC4C2FA574079 /* ExpenseTracker */,
				1E51660FCE3C646E1767767C /* Products */,
			);
			sourceTree = "<group>";
		};
		1E51660FCE3C646E1767767C /* Products */ = {
			isa = PBXGroup;
			children = (
				2C126B9E82517DFD361B9A71 /* ExpenseTracker.app */,
			);
			name = Products;
			sourceTree = "<group>";
		};
		2550F01959B7629D6F49FEA8 /* Services */ = {
			isa = PBXGroup;
			children = (
				C4B58AECA34818297B5347B9 /* SyncAPIClient.swift */,
				70691FEFE59883E7EBB1524F /* SyncRepository.swift */,
				CD62A2F30FED1F11D8B66656 /* SyncSecretStore.swift */,
				022E7AC1A8F36B3995A2CA2E /* SyncService.swift */,
			);
			path = Services;
			sourceTree = "<group>";
		};
		2EDA50713C77ADF76531833E /* Settings */ = {
			isa = PBXGroup;
			children = (
				95AA94A22A682C314EFCBFEC /* ApplePaySetupView.swift */,
				059617E0131A34F9C0CB29C8 /* SettingsView.swift */,
			);
			path = Settings;
			sourceTree = "<group>";
		};
		5B8A2E2999790E7C6E6132B9 /* Models */ = {
			isa = PBXGroup;
			children = (
				5BAAA7B32F8A1BBC4D16A568 /* Category.swift */,
				203AAEC6C4CC2DB77063BBD8 /* Expense.swift */,
				3388E089E2A14564857065D2 /* Preferences.swift */,
				FA1134EE05A23AE3E1FBCF5A /* WalletSuggestion.swift */,
			);
			path = Models;
			sourceTree = "<group>";
		};
		6E8B7866E0DE55AC4F90BCA2 /* Utilities */ = {
			isa = PBXGroup;
			children = (
				0472C45E0D7A3EA1DB74DCBE /* CurrencyFormatter.swift */,
				552B9E2761F20669F6060E22 /* HapticManager.swift */,
			);
			path = Utilities;
			sourceTree = "<group>";
		};
		920A8690DEA879300CCFBB9F /* WalletSuggestions */ = {
			isa = PBXGroup;
			children = (
				AD1FF63545EC37F6983ABB2C /* WalletSuggestionsView.swift */,
			);
			path = WalletSuggestions;
			sourceTree = "<group>";
		};
		A73396540554E68D19FEE302 /* ExpenseFeed */ = {
			isa = PBXGroup;
			children = (
				2929180440B6252D22DF9560 /* ExpenseFeedView.swift */,
				6C4AE335C560EA68596D80D3 /* ExpenseRowView.swift */,
			);
			path = ExpenseFeed;
			sourceTree = "<group>";
		};
		ACD3C9F3AB0F9592FF553777 /* Intents */ = {
			isa = PBXGroup;
			children = (
				86E589227AD0811E892B818F /* ExpenseTrackerShortcuts.swift */,
				EF17D76270573322DD958E1D /* ImportTransactionIntent.swift */,
			);
			path = Intents;
			sourceTree = "<group>";
		};
		B1BD05082CCEC0DA829B9453 /* Views */ = {
			isa = PBXGroup;
			children = (
				9C46433CC7C4D552CEC0EF3C /* SyncStatusIndicator.swift */,
				C2699EC3FB2506A4E9A30EE7 /* AddEditExpense */,
				BE2240E5157687A57E0E126B /* Categories */,
				A73396540554E68D19FEE302 /* ExpenseFeed */,
				2EDA50713C77ADF76531833E /* Settings */,
				920A8690DEA879300CCFBB9F /* WalletSuggestions */,
			);
			path = Views;
			sourceTree = "<group>";
		};
		BE2240E5157687A57E0E126B /* Categories */ = {
			isa = PBXGroup;
			children = (
				0A73F90AF6896ECA6F7899BD /* CategoryFormView.swift */,
				5D70302AACD3BAAB5A80952D /* CategoryListView.swift */,
			);
			path = Categories;
			sourceTree = "<group>";
		};
		C2699EC3FB2506A4E9A30EE7 /* AddEditExpense */ = {
			isa = PBXGroup;
			children = (
				BEB1FDC92EBDABD4CDE277A0 /* AddEditExpenseView.swift */,
			);
			path = AddEditExpense;
			sourceTree = "<group>";
		};
		E38F2C82473CC4C2FA574079 /* ExpenseTracker */ = {
			isa = PBXGroup;
			children = (
				7BB09075D54A99B83C25DFDB /* Assets.xcassets */,
				CF2F6AE910D81C2C05B7D56F /* ExpenseTrackerApp.swift */,
				EAF35A88661C2C25280D8DF3 /* Info.plist */,
				0826A84D1AE32E6916BD25E8 /* Database */,
				ACD3C9F3AB0F9592FF553777 /* Intents */,
				5B8A2E2999790E7C6E6132B9 /* Models */,
				2550F01959B7629D6F49FEA8 /* Services */,
				6E8B7866E0DE55AC4F90BCA2 /* Utilities */,
				0EA0651BB2E258856DD51F96 /* ViewModels */,
				B1BD05082CCEC0DA829B9453 /* Views */,
			);
			path = ExpenseTracker;
			sourceTree = "<group>";
		};
/* End PBXGroup section */

/* Begin PBXNativeTarget section */
		3513847C6F92D3754D258074 /* ExpenseTracker */ = {
			isa = PBXNativeTarget;
			buildConfigurationList = D7216D6AA501E6BB769D4995 /* Build configuration list for PBXNativeTarget "ExpenseTracker" */;
			buildPhases = (
				38F7F2BFF52A041C3B0EEC03 /* Sources */,
				4756DB68F54EC8BD6B64F4D2 /* Resources */,
				3A90A877BE7F15F58CB43D84 /* Frameworks */,
			);
			buildRules = (
			);
			dependencies = (
			);
			name = ExpenseTracker;
			packageProductDependencies = (
				27FD1B861F6040771576F03D /* GRDB */,
			);
			productName = ExpenseTracker;
			productReference = 2C126B9E82517DFD361B9A71 /* ExpenseTracker.app */;
			productType = "com.apple.product-type.application";
		};
/* End PBXNativeTarget section */

/* Begin PBXProject section */
		FCF189F5D2D9FC3BB06449CE /* Project object */ = {
			isa = PBXProject;
			attributes = {
				BuildIndependentTargetsInParallel = YES;
				LastUpgradeCheck = 1600;
				TargetAttributes = {
					3513847C6F92D3754D258074 = {
						DevelopmentTeam = 5H73XF9FU6;
					};
				};
			};
			buildConfigurationList = 77CF17364857E655D9A461FA /* Build configuration list for PBXProject "ExpenseTracker" */;
			developmentRegion = en;
			hasScannedForEncodings = 0;
			knownRegions = (
				Base,
				en,
			);
			mainGroup = 11C3AA57D80675D1695DD8D5;
			minimizedProjectReferenceProxies = 1;
			packageReferences = (
				1637BFC0B18F64397DF65F17 /* XCRemoteSwiftPackageReference "GRDB.swift" */,
			);
			preferredProjectObjectVersion = 77;
			productRefGroup = 1E51660FCE3C646E1767767C /* Products */;
			projectDirPath = "";
			projectRoot = "";
			targets = (
				3513847C6F92D3754D258074 /* ExpenseTracker */,
			);
		};
/* End PBXProject section */

/* Begin PBXResourcesBuildPhase section */
		4756DB68F54EC8BD6B64F4D2 /* Resources */ = {
			isa = PBXResourcesBuildPhase;
			buildActionMask = 2147483647;
			files = (
				7A73343DACE1BE8009D4617F /* Assets.xcassets in Resources */,
			);
			runOnlyForDeploymentPostprocessing = 0;
		};
/* End PBXResourcesBuildPhase section */

/* Begin PBXSourcesBuildPhase section */
		38F7F2BFF52A041C3B0EEC03 /* Sources */ = {
			isa = PBXSourcesBuildPhase;
			buildActionMask = 2147483647;
			files = (
				45AE9D3D2DC41E4F1F15D0A1 /* AddEditExpenseView.swift in Sources */,
				1F2C749AC7E15D1053A6952D /* AddEditExpenseViewModel.swift in Sources */,
				A9377237445D93AE9585A7A9 /* AppDatabase.swift in Sources */,
				263C22C7EB51538395C9BF12 /* ApplePaySetupView.swift in Sources */,
				4C9CF428C99A20C17FBEF847 /* Category.swift in Sources */,
				6C1908BE81105BBFC9A92CDE /* CategoryFormView.swift in Sources */,
				D376090D3421C6D7BA64B128 /* CategoryListView.swift in Sources */,
				EF3C9366818C795E584B38C1 /* CategoryViewModel.swift in Sources */,
				9F26E72352DD14DC62E1195D /* CurrencyFormatter.swift in Sources */,
				3EEDD93648D5E0D189D14136 /* DefaultCategories.swift in Sources */,
				D50A0B6FE213EA481EA7871A /* Expense.swift in Sources */,
				6536C3FD631F5A8AA30DBBD9 /* ExpenseFeedView.swift in Sources */,
				202F7713026E9AA3673EBB02 /* ExpenseFeedViewModel.swift in Sources */,
				27FEC86CF579BB9753580434 /* ExpenseRowView.swift in Sources */,
				D8405699FD5BB17FE0A09F96 /* ExpenseTrackerApp.swift in Sources */,
				3550DDB01E97A08732BFBC90 /* ExpenseTrackerShortcuts.swift in Sources */,
				F2B4C8140B59AC95606B094B /* HapticManager.swift in Sources */,
				996FB990588EFE36A32062CB /* ImportTransactionIntent.swift in Sources */,
				CCE4DC96A8C46B56FD20C0A6 /* Preferences.swift in Sources */,
				597B1F6D7E3E96A8253DE390 /* SettingsView.swift in Sources */,
				F17F5C913E4FD91858608229 /* SyncAPIClient.swift in Sources */,
				F1F2AC171D9031D115522DA7 /* SyncRepository.swift in Sources */,
				50A6349A9A38EB6E4380B491 /* SyncSecretStore.swift in Sources */,
				9C65AFEC108C23FDBF7F455F /* SyncService.swift in Sources */,
				275A95592A5FB4AFB0857EA1 /* SyncStatusIndicator.swift in Sources */,
				162F373C6D9536C0074015E2 /* WalletSuggestion.swift in Sources */,
				BBFAF53790F6B974FDB11E3C /* WalletSuggestionsView.swift in Sources */,
				B48B59B2EC534750D3DF7AE6 /* WalletSuggestionsViewModel.swift in Sources */,
			);
			runOnlyForDeploymentPostprocessing = 0;
		};
/* End PBXSourcesBuildPhase section */

/* Begin XCBuildConfiguration section */
		0122C88A3CB23C016B2FD719 /* Debug */ = {
			isa = XCBuildConfiguration;
			buildSettings = {
				ALWAYS_SEARCH_USER_PATHS = NO;
				CLANG_ANALYZER_NONNULL = YES;
				CLANG_ANALYZER_NUMBER_OBJECT_CONVERSION = YES_AGGRESSIVE;
				CLANG_CXX_LANGUAGE_STANDARD = "gnu++14";
				CLANG_CXX_LIBRARY = "libc++";
				CLANG_ENABLE_MODULES = YES;
				CLANG_ENABLE_OBJC_ARC = YES;
				CLANG_ENABLE_OBJC_WEAK = YES;
				CLANG_WARN_BLOCK_CAPTURE_AUTORELEASING = YES;
				CLANG_WARN_BOOL_CONVERSION = YES;
				CLANG_WARN_COMMA = YES;
				CLANG_WARN_CONSTANT_CONVERSION = YES;
				CLANG_WARN_DEPRECATED_OBJC_IMPLEMENTATIONS = YES;
				CLANG_WARN_DIRECT_OBJC_ISA_USAGE = YES_ERROR;
				CLANG_WARN_DOCUMENTATION_COMMENTS = YES;
				CLANG_WARN_EMPTY_BODY = YES;
				CLANG_WARN_ENUM_CONVERSION = YES;
				CLANG_WARN_INFINITE_RECURSION = YES;
				CLANG_WARN_INT_CONVERSION = YES;
				CLANG_WARN_NON_LITERAL_NULL_CONVERSION = YES;
				CLANG_WARN_OBJC_IMPLICIT_RETAIN_SELF = YES;
				CLANG_WARN_OBJC_LITERAL_CONVERSION = YES;
				CLANG_WARN_OBJC_ROOT_CLASS = YES_ERROR;
				CLANG_WARN_QUOTED_INCLUDE_IN_FRAMEWORK_HEADER = YES;
				CLANG_WARN_RANGE_LOOP_ANALYSIS = YES;
				CLANG_WARN_STRICT_PROTOTYPES = YES;
				CLANG_WARN_SUSPICIOUS_MOVE = YES;
				CLANG_WARN_UNGUARDED_AVAILABILITY = YES_AGGRESSIVE;
				CLANG_WARN_UNREACHABLE_CODE = YES;
				CLANG_WARN__DUPLICATE_METHOD_MATCH = YES;
				COPY_PHASE_STRIP = NO;
				DEBUG_INFORMATION_FORMAT = dwarf;
				ENABLE_STRICT_OBJC_MSGSEND = YES;
				ENABLE_TESTABILITY = YES;
				GCC_C_LANGUAGE_STANDARD = gnu11;
				GCC_DYNAMIC_NO_PIC = NO;
				GCC_NO_COMMON_BLOCKS = YES;
				GCC_OPTIMIZATION_LEVEL = 0;
				GCC_PREPROCESSOR_DEFINITIONS = (
					"$(inherited)",
					"DEBUG=1",
				);
				GCC_WARN_64_TO_32_BIT_CONVERSION = YES;
				GCC_WARN_ABOUT_RETURN_TYPE = YES_ERROR;
				GCC_WARN_UNDECLARED_SELECTOR = YES;
				GCC_WARN_UNINITIALIZED_AUTOS = YES_AGGRESSIVE;
				GCC_WARN_UNUSED_FUNCTION = YES;
				GCC_WARN_UNUSED_VARIABLE = YES;
				IPHONEOS_DEPLOYMENT_TARGET = 17.0;
				MTL_ENABLE_DEBUG_INFO = INCLUDE_SOURCE;
				MTL_FAST_MATH = YES;
				ONLY_ACTIVE_ARCH = YES;
				PRODUCT_NAME = "$(TARGET_NAME)";
				SDKROOT = iphoneos;
				SWIFT_ACTIVE_COMPILATION_CONDITIONS = DEBUG;
				SWIFT_OPTIMIZATION_LEVEL = "-Onone";
				SWIFT_VERSION = 5.0;
			};
			name = Debug;
		};
		390EC5C204C30B612C9209F6 /* Release */ = {
			isa = XCBuildConfiguration;
			buildSettings = {
				APP_BUILD_VERSION = dev;
				ASSETCATALOG_COMPILER_APPICON_NAME = AppIcon;
				CODE_SIGN_IDENTITY = "iPhone Developer";
				CURRENT_PROJECT_VERSION = 1;
				DEVELOPMENT_TEAM = 5H73XF9FU6;
				GENERATE_INFOPLIST_FILE = YES;
				INFOPLIST_FILE = ExpenseTracker/Info.plist;
				INFOPLIST_GENERATION_MODE = GeneratedFile;
				LD_RUNPATH_SEARCH_PATHS = (
					"$(inherited)",
					"@executable_path/Frameworks",
				);
				MARKETING_VERSION = 0.0.1;
				PRODUCT_BUNDLE_IDENTIFIER = com.ydai.ExpenseTracker;
				SDKROOT = iphoneos;
				SWIFT_VERSION = 5.9;
				TARGETED_DEVICE_FAMILY = "1,2";
			};
			name = Release;
		};
		39A2E43E371983CACCD6A60B /* Debug */ = {
			isa = XCBuildConfiguration;
			buildSettings = {
				APP_BUILD_VERSION = dev;
				ASSETCATALOG_COMPILER_APPICON_NAME = AppIcon;
				CODE_SIGN_IDENTITY = "iPhone Developer";
				CURRENT_PROJECT_VERSION = 1;
				DEVELOPMENT_TEAM = 5H73XF9FU6;
				GENERATE_INFOPLIST_FILE = YES;
				INFOPLIST_FILE = ExpenseTracker/Info.plist;
				INFOPLIST_GENERATION_MODE = GeneratedFile;
				LD_RUNPATH_SEARCH_PATHS = (
					"$(inherited)",
					"@executable_path/Frameworks",
				);
				MARKETING_VERSION = 0.0.1;
				PRODUCT_BUNDLE_IDENTIFIER = com.ydai.ExpenseTracker;
				SDKROOT = iphoneos;
				SWIFT_VERSION = 5.9;
				TARGETED_DEVICE_FAMILY = "1,2";
			};
			name = Debug;
		};
		E6CDF28B0EC8603E89C4B00C /* Release */ = {
			isa = XCBuildConfiguration;
			buildSettings = {
				ALWAYS_SEARCH_USER_PATHS = NO;
				CLANG_ANALYZER_NONNULL = YES;
				CLANG_ANALYZER_NUMBER_OBJECT_CONVERSION = YES_AGGRESSIVE;
				CLANG_CXX_LANGUAGE_STANDARD = "gnu++14";
				CLANG_CXX_LIBRARY = "libc++";
				CLANG_ENABLE_MODULES = YES;
				CLANG_ENABLE_OBJC_ARC = YES;
				CLANG_ENABLE_OBJC_WEAK = YES;
				CLANG_WARN_BLOCK_CAPTURE_AUTORELEASING = YES;
				CLANG_WARN_BOOL_CONVERSION = YES;
				CLANG_WARN_COMMA = YES;
				CLANG_WARN_CONSTANT_CONVERSION = YES;
				CLANG_WARN_DEPRECATED_OBJC_IMPLEMENTATIONS = YES;
				CLANG_WARN_DIRECT_OBJC_ISA_USAGE = YES_ERROR;
				CLANG_WARN_DOCUMENTATION_COMMENTS = YES;
				CLANG_WARN_EMPTY_BODY = YES;
				CLANG_WARN_ENUM_CONVERSION = YES;
				CLANG_WARN_INFINITE_RECURSION = YES;
				CLANG_WARN_INT_CONVERSION = YES;
				CLANG_WARN_NON_LITERAL_NULL_CONVERSION = YES;
				CLANG_WARN_OBJC_IMPLICIT_RETAIN_SELF = YES;
				CLANG_WARN_OBJC_LITERAL_CONVERSION = YES;
				CLANG_WARN_OBJC_ROOT_CLASS = YES_ERROR;
				CLANG_WARN_QUOTED_INCLUDE_IN_FRAMEWORK_HEADER = YES;
				CLANG_WARN_RANGE_LOOP_ANALYSIS = YES;
				CLANG_WARN_STRICT_PROTOTYPES = YES;
				CLANG_WARN_SUSPICIOUS_MOVE = YES;
				CLANG_WARN_UNGUARDED_AVAILABILITY = YES_AGGRESSIVE;
				CLANG_WARN_UNREACHABLE_CODE = YES;
				CLANG_WARN__DUPLICATE_METHOD_MATCH = YES;
				COPY_PHASE_STRIP = NO;
				DEBUG_INFORMATION_FORMAT = "dwarf-with-dsym";
				ENABLE_NS_ASSERTIONS = NO;
				ENABLE_STRICT_OBJC_MSGSEND = YES;
				GCC_C_LANGUAGE_STANDARD = gnu11;
				GCC_NO_COMMON_BLOCKS = YES;
				GCC_WARN_64_TO_32_BIT_CONVERSION = YES;
				GCC_WARN_ABOUT_RETURN_TYPE = YES_ERROR;
				GCC_WARN_UNDECLARED_SELECTOR = YES;
				GCC_WARN_UNINITIALIZED_AUTOS = YES_AGGRESSIVE;
				GCC_WARN_UNUSED_FUNCTION = YES;
				GCC_WARN_UNUSED_VARIABLE = YES;
				IPHONEOS_DEPLOYMENT_TARGET = 17.0;
				MTL_ENABLE_DEBUG_INFO = NO;
				MTL_FAST_MATH = YES;
				PRODUCT_NAME = "$(TARGET_NAME)";
				SDKROOT = iphoneos;
				SWIFT_COMPILATION_MODE = wholemodule;
				SWIFT_OPTIMIZATION_LEVEL = "-O";
				SWIFT_VERSION = 5.0;
			};
			name = Release;
		};
/* End XCBuildConfiguration section */

/* Begin XCConfigurationList section */
		77CF17364857E655D9A461FA /* Build configuration list for PBXProject "ExpenseTracker" */ = {
			isa = XCConfigurationList;
			buildConfigurations = (
				0122C88A3CB23C016B2FD719 /* Debug */,
				E6CDF28B0EC8603E89C4B00C /* Release */,
			);
			defaultConfigurationIsVisible = 0;
			defaultConfigurationName = Debug;
		};
		D7216D6AA501E6BB769D4995 /* Build configuration list for PBXNativeTarget "ExpenseTracker" */ = {
			isa = XCConfigurationList;
			buildConfigurations = (
				39A2E43E371983CACCD6A60B /* Debug */,
				390EC5C204C30B612C9209F6 /* Release */,
			);
			defaultConfigurationIsVisible = 0;
			defaultConfigurationName = Debug;
		};
/* End XCConfigurationList section */

/* Begin XCRemoteSwiftPackageReference section */
		1637BFC0B18F64397DF65F17 /* XCRemoteSwiftPackageReference "GRDB.swift" */ = {
			isa = XCRemoteSwiftPackageReference;
			repositoryURL = "https://github.com/groue/GRDB.swift.git";
			requirement = {
				kind = upToNextMajorVersion;
				minimumVersion = 7.0.0;
			};
		};
/* End XCRemoteSwiftPackageReference section */

/* Begin XCSwiftPackageProductDependency section */
		27FD1B861F6040771576F03D /* GRDB */ = {
			isa = XCSwiftPackageProductDependency;
			package = 1637BFC0B18F64397DF65F17 /* XCRemoteSwiftPackageReference "GRDB.swift" */;
			productName = GRDB;
		};
/* End XCSwiftPackageProductDependency section */
	};
	rootObject = FCF189F5D2D9FC3BB06449CE /* Project object */;
}
